
Microsoft Visual Studio Solution File, Format Version 12.00
# Visual Studio 15
VisualStudioVersion = 15.0.28307.1000
MinimumVisualStudioVersion = 10.0.40219.1
Project("{888888A0-9F3D-457C-B088-3A5042F75D52}") = "FlaskWebTest", "FlaskWebTest\FlaskWebTest.pyproj", "{CD6D0B47-B282-4D22-96E5-343B5F2F7C34}"
EndProject
Global
	GlobalSection(SolutionConfigurationPlatforms) = preSolution
		Debug|Any CPU = Debug|Any CPU
		Release|Any CPU = Release|Any CPU
	EndGlobalSection
	GlobalSection(ProjectConfigurationPlatforms) = postSolution
		{CD6D0B47-B282-4D22-96E5-343B5F2F7C34}.Debug|Any CPU.ActiveCfg = Debug|Any CPU
		{CD6D0B47-B282-4D22-96E5-343B5F2F7C34}.Debug|Any CPU.Build.0 = Debug|Any CPU
		{CD6D0B47-B282-4D22-96E5-343B5F2F7C34}.Release|Any CPU.ActiveCfg = Release|Any CPU
		{CD6D0B47-B282-4D22-96E5-343B5F2F7C34}.Release|Any CPU.Build.0 = Release|Any CPU
	EndGlobalSection
	GlobalSection(SolutionProperties) = preSolution
		HideSolutionNode = FALSE
	EndGlobalSection
	GlobalSection(ExtensibilityGlobals) = postSolution
		SolutionGuid = {9855A9BC-5280-4D1A-8C24-0EF6971AAE5A}
	EndGlobalSection
EndGlobal
